
Microsoft Visual Studio Solution File, Format Version 12.00
# Visual Studio Version 17
VisualStudioVersion = 17.8.34330.188
MinimumVisualStudioVersion = 10.0.40219.1
Project("{FAE04EC0-301F-11D3-BF4B-00C04F79EFBC}") = "HMS-MS", "HMS-MS.csproj", "{6E5063BC-4B45-4FAD-8433-B1B9123C59DF}"
EndProject
Global
	GlobalSection(SolutionConfigurationPlatforms) = preSolution
		Debug|Any CPU = Debug|Any CPU
		Release|Any CPU = Release|Any CPU
	EndGlobalSection
	GlobalSection(ProjectConfigurationPlatforms) = postSolution
		{6E5063BC-4B45-4FAD-8433-B1B9123C59DF}.Debug|Any CPU.ActiveCfg = Debug|Any CPU
		{6E5063BC-4B45-4FAD-8433-B1B9123C59DF}.Debug|Any CPU.Build.0 = Debug|Any CPU
		{6E5063BC-4B45-4FAD-8433-B1B9123C59DF}.Release|Any CPU.ActiveCfg = Release|Any CPU
		{6E5063BC-4B45-4FAD-8433-B1B9123C59DF}.Release|Any CPU.Build.0 = Release|Any CPU
	EndGlobalSection
	GlobalSection(SolutionProperties) = preSolution
		HideSolutionNode = FALSE
	EndGlobalSection
	GlobalSection(ExtensibilityGlobals) = postSolution
		SolutionGuid = {05B8FCA2-59B1-4477-8162-80E1D0C37663}
	EndGlobalSection
EndGlobal
